// !$*UTF8*$!
{
	archiveVersion = 1;
	classes = {
	};
	objectVersion = 56;
	objects = {

/* Begin PBXBuildFile section */
		43A2C7962919D2BA0010C6CC /* AppDelegate.swift in Sources */ = {isa = PBXBuildFile; fileRef = 43A2C7952919D2BA0010C6CC /* AppDelegate.swift */; };
		43A2C7982919D2BA0010C6CC /* ViewController.swift in Sources */ = {isa = PBXBuildFile; fileRef = 43A2C7972919D2BA0010C6CC /* ViewController.swift */; };
		43A2C79A2919D2BA0010C6CC /* Assets.xcassets in Resources */ = {isa = PBXBuildFile; fileRef = 43A2C7992919D2BA0010C6CC /* Assets.xcassets */; };
		43A2C79D2919D2BA0010C6CC /* Main.storyboard in Resources */ = {isa = PBXBuildFile; fileRef = 43A2C79B2919D2BA0010C6CC /* Main.storyboard */; };
		43A2C7A82919D2BA0010C6CC /* CheckingTests.swift in Sources */ = {isa = PBXBuildFile; fileRef = 43A2C7A72919D2BA0010C6CC /* CheckingTests.swift */; };
		43A2C7C1291AB7310010C6CC /* README.txt in Resources */ = {isa = PBXBuildFile; fileRef = 43A2C7C0291AB7300010C6CC /* README.txt */; };
/* End PBXBuildFile section */

/* Begin PBXContainerItemProxy section */
		43A2C7A42919D2BA0010C6CC /* PBXContainerItemProxy */ = {
			isa = PBXContainerItemProxy;
			containerPortal = 43A2C78A2919D2BA0010C6CC /* Project object */;
			proxyType = 1;
			remoteGlobalIDString = 43A2C7912919D2BA0010C6CC;
			remoteInfo = Checking;
		};
/* End PBXContainerItemProxy section */

/* Begin PBXFileReference section */
		43A2C7922919D2BA0010C6CC /* Checking.app */ = {isa = PBXFileReference; explicitFileType = wrapper.application; includeInIndex = 0; path = Checking.app; sourceTree = BUILT_PRODUCTS_DIR; };
		43A2C7952919D2BA0010C6CC /* AppDelegate.swift */ = {isa = PBXFileReference; lastKnownFileType = sourcecode.swift; path = AppDelegate.swift; sourceTree = "<group>"; };
		43A2C7972919D2BA0010C6CC /* ViewController.swift */ = {isa = PBXFileReference; lastKnownFileType = sourcecode.swift; path = ViewController.swift; sourceTree = "<group>"; };
		43A2C7992919D2BA0010C6CC /* Assets.xcassets */ = {isa = PBXFileReference; lastKnownFileType = folder.assetcatalog; path = Assets.xcassets; sourceTree = "<group>"; };
		43A2C79C2919D2BA0010C6CC /* Base */ = {isa = PBXFileReference; lastKnownFileType = file.storyboard; name = Base; path = Base.lproj/Main.storyboard; sourceTree = "<group>"; };
		43A2C79E2919D2BA0010C6CC /* Checking.entitlements */ = {isa = PBXFileReference; lastKnownFileType = text.plist.entitlements; path = Checking.entitlements; sourceTree = "<group>"; };
		43A2C7A32919D2BA0010C6CC /* CheckingTests.xctest */ = {isa = PBXFileReference; explicitFileType = wrapper.cfbundle; includeInIndex = 0; path = CheckingTests.xctest; sourceTree = BUILT_PRODUCTS_DIR; };
		43A2C7A72919D2BA0010C6CC /* CheckingTests.swift */ = {isa = PBXFileReference; lastKnownFileType = sourcecode.swift; path = CheckingTests.swift; sourceTree = "<group>"; };
		43A2C7C0291AB7300010C6CC /* README.txt */ = {isa = PBXFileReference; lastKnownFileType = text; path = README.txt; sourceTree = "<group>"; };
/* End PBXFileReference section */

/* Begin PBXFrameworksBuildPhase section */
		43A2C78F2919D2BA0010C6CC /* Frameworks */ = {
			isa = PBXFrameworksBuildPhase;
			buildActionMask = 2147483647;
			files = (
			);
			runOnlyForDeploymentPostprocessing = 0;
		};
		43A2C7A02919D2BA0010C6CC /* Frameworks */ = {
			isa = PBXFrameworksBuildPhase;
			buildActionMask = 2147483647;
			files = (
			);
			runOnlyForDeploymentPostprocessing = 0;
		};
/* End PBXFrameworksBuildPhase section */

/* Begin PBXGroup section */
		43A2C7892919D2BA0010C6CC = {
			isa = PBXGroup;
			children = (
				43A2C7C0291AB7300010C6CC /* README.txt */,
				43A2C7942919D2BA0010C6CC /* Checking */,
				43A2C7A62919D2BA0010C6CC /* CheckingTests */,
				43A2C7932919D2BA0010C6CC /* Products */,
			);
			sourceTree = "<group>";
		};
		43A2C7932919D2BA0010C6CC /* Products */ = {
			isa = PBXGroup;
			children = (
				43A2C7922919D2BA0010C6CC /* Checking.app */,
				43A2C7A32919D2BA0010C6CC /* CheckingTests.xctest */,
			);
			name = Products;
			sourceTree = "<group>";
		};
		43A2C7942919D2BA0010C6CC /* Checking */ = {
			isa = PBXGroup;
			children = (
				43A2C7952919D2BA0010C6CC /* AppDelegate.swift */,
				43A2C7972919D2BA0010C6CC /* ViewController.swift */,
				43A2C7992919D2BA0010C6CC /* Assets.xcassets */,
				43A2C79B2919D2BA0010C6CC /* Main.storyboard */,
				43A2C79E2919D2BA0010C6CC /* Checking.entitlements */,
			);
			path = Checking;
			sourceTree = "<group>";
		};
		43A2C7A62919D2BA0010C6CC /* CheckingTests */ = {
			isa = PBXGroup;
			children = (
				43A2C7A72919D2BA0010C6CC /* CheckingTests.swift */,
			);
			path = CheckingTests;
			sourceTree = "<group>";
		};
/* End PBXGroup section */

/* Begin PBXNativeTarget section */
		43A2C7912919D2BA0010C6CC /* Checking */ = {
			isa = PBXNativeTarget;
			buildConfigurationList = 43A2C7B72919D2BB0010C6CC /* Build configuration list for PBXNativeTarget "Checking" */;
			buildPhases = (
				43A2C78E2919D2BA0010C6CC /* Sources */,
				43A2C78F2919D2BA0010C6CC /* Frameworks */,
				43A2C7902919D2BA0010C6CC /* Resources */,
			);
			buildRules = (
			);
			dependencies = (
			);
			name = Checking;
			productName = Checking;
			productReference = 43A2C7922919D2BA0010C6CC /* Checking.app */;
			productType = "com.apple.product-type.application";
		};
		43A2C7A22919D2BA0010C6CC /* CheckingTests */ = {
			isa = PBXNativeTarget;
			buildConfigurationList = 43A2C7BA2919D2BB0010C6CC /* Build configuration list for PBXNativeTarget "CheckingTests" */;
			buildPhases = (
				43A2C79F2919D2BA0010C6CC /* Sources */,
				43A2C7A02919D2BA0010C6CC /* Frameworks */,
				43A2C7A12919D2BA0010C6CC /* Resources */,
			);
			buildRules = (
			);
			dependencies = (
				43A2C7A52919D2BA0010C6CC /* PBXTargetDependency */,
			);
			name = CheckingTests;
			productName = CheckingTests;
			productReference = 43A2C7A32919D2BA0010C6CC /* CheckingTests.xctest */;
			productType = "com.apple.product-type.bundle.unit-test";
		};
/* End PBXNativeTarget section */

/* Begin PBXProject section */
		43A2C78A2919D2BA0010C6CC /* Project object */ = {
			isa = PBXProject;
			attributes = {
				BuildIndependentTargetsInParallel = 1;
				LastSwiftUpdateCheck = 1410;
				LastUpgradeCheck = 1410;
				TargetAttributes = {
					43A2C7912919D2BA0010C6CC = {
						CreatedOnToolsVersion = 14.1;
					};
					43A2C7A22919D2BA0010C6CC = {
						CreatedOnToolsVersion = 14.1;
						TestTargetID = 43A2C7912919D2BA0010C6CC;
					};
				};
			};
			buildConfigurationList = 43A2C78D2919D2BA0010C6CC /* Build configuration list for PBXProject "Checking" */;
			compatibilityVersion = "Xcode 14.0";
			developmentRegion = en;
			hasScannedForEncodings = 0;
			knownRegions = (
				en,
				Base,
			);
			mainGroup = 43A2C7892919D2BA0010C6CC;
			productRefGroup = 43A2C7932919D2BA0010C6CC /* Products */;
			projectDirPath = "";
			projectRoot = "";
			targets = (
				43A2C7912919D2BA0010C6CC /* Checking */,
				43A2C7A22919D2BA0010C6CC /* CheckingTests */,
			);
		};
/* End PBXProject section */

/* Begin PBXResourcesBuildPhase section */
		43A2C7902919D2BA0010C6CC /* Resources */ = {
			isa = PBXResourcesBuildPhase;
			buildActionMask = 2147483647;
			files = (
				43A2C79A2919D2BA0010C6CC /* Assets.xcassets in Resources */,
				43A2C7C1291AB7310010C6CC /* README.txt in Resources */,
				43A2C79D2919D2BA0010C6CC /* Main.storyboard in Resources */,
			);
			runOnlyForDeploymentPostprocessing = 0;
		};
		43A2C7A12919D2BA0010C6CC /* Resources */ = {
			isa = PBXResourcesBuildPhase;
			buildActionMask = 2147483647;
			files = (
			);
			runOnlyForDeploymentPostprocessing = 0;
		};
/* End PBXResourcesBuildPhase section */

/* Begin PBXSourcesBuildPhase section */
		43A2C78E2919D2BA0010C6CC /* Sources */ = {
			isa = PBXSourcesBuildPhase;
			buildActionMask = 2147483647;
			files = (
				43A2C7982919D2BA0010C6CC /* ViewController.swift in Sources */,
				43A2C7962919D2BA0010C6CC /* AppDelegate.swift in Sources */,
			);
			runOnlyForDeploymentPostprocessing = 0;
		};
		43A2C79F2919D2BA0010C6CC /* Sources */ = {
			isa = PBXSourcesBuildPhase;
			buildActionMask = 2147483647;
			files = (
				43A2C7A82919D2BA0010C6CC /* CheckingTests.swift in Sources */,
			);
			runOnlyForDeploymentPostprocessing = 0;
		};
/* End PBXSourcesBuildPhase section */

/* Begin PBXTargetDependency section */
		43A2C7A52919D2BA0010C6CC /* PBXTargetDependency */ = {
			isa = PBXTargetDependency;
			target = 43A2C7912919D2BA0010C6CC /* Checking */;
			targetProxy = 43A2C7A42919D2BA0010C6CC /* PBXContainerItemProxy */;
		};
/* End PBXTargetDependency section */

/* Begin PBXVariantGroup section */
		43A2C79B2919D2BA0010C6CC /* Main.storyboard */ = {
			isa = PBXVariantGroup;
			children = (
				43A2C79C2919D2BA0010C6CC /* Base */,
			);
			name = Main.storyboard;
			sourceTree = "<group>";
		};
/* End PBXVariantGroup section */

/* Begin XCBuildConfiguration section */
		43A2C7B52919D2BB0010C6CC /* Debug */ = {
			isa = XCBuildConfiguration;
			buildSettings = {
				ALWAYS_SEARCH_USER_PATHS = NO;
				CLANG_ANALYZER_NONNULL = YES;
				CLANG_ANALYZER_NUMBER_OBJECT_CONVERSION = YES_AGGRESSIVE;
				CLANG_CXX_LANGUAGE_STANDARD = "gnu++20";
				CLANG_ENABLE_MODULES = YES;
				CLANG_ENABLE_OBJC_ARC = YES;
				CLANG_ENABLE_OBJC_WEAK = YES;
				CLANG_WARN_BLOCK_CAPTURE_AUTORELEASING = YES;
				CLANG_WARN_BOOL_CONVERSION = YES;
				CLANG_WARN_COMMA = YES;
				CLANG_WARN_CONSTANT_CONVERSION = YES;
				CLANG_WARN_DEPRECATED_OBJC_IMPLEMENTATIONS = YES;
				CLANG_WARN_DIRECT_OBJC_ISA_USAGE = YES_ERROR;
				CLANG_WARN_DOCUMENTATION_COMMENTS = YES;
				CLANG_WARN_EMPTY_BODY = YES;
				CLANG_WARN_ENUM_CONVERSION = YES;
				CLANG_WARN_INFINITE_RECURSION = YES;
				CLANG_WARN_INT_CONVERSION = YES;
				CLANG_WARN_NON_LITERAL_NULL_CONVERSION = YES;
				CLANG_WARN_OBJC_IMPLICIT_RETAIN_SELF = YES;
				CLANG_WARN_OBJC_LITERAL_CONVERSION = YES;
				CLANG_WARN_OBJC_ROOT_CLASS = YES_ERROR;
				CLANG_WARN_QUOTED_INCLUDE_IN_FRAMEWORK_HEADER = YES;
				CLANG_WARN_RANGE_LOOP_ANALYSIS = YES;
				CLANG_WARN_STRICT_PROTOTYPES = YES;
				CLANG_WARN_SUSPICIOUS_MOVE = YES;
				CLANG_WARN_UNGUARDED_AVAILABILITY = YES_AGGRESSIVE;
				CLANG_WARN_UNREACHABLE_CODE = YES;
				CLANG_WARN__DUPLICATE_METHOD_MATCH = YES;
				COPY_PHASE_STRIP = NO;
				DEBUG_INFORMATION_FORMAT = dwarf;
				ENABLE_STRICT_OBJC_MSGSEND = YES;
				ENABLE_TESTABILITY = YES;
				GCC_C_LANGUAGE_STANDARD = gnu11;
				GCC_DYNAMIC_NO_PIC = NO;
				GCC_NO_COMMON_BLOCKS = YES;
				GCC_OPTIMIZATION_LEVEL = 0;
				GCC_PREPROCESSOR_DEFINITIONS = (
					"DEBUG=1",
					"$(inherited)",
				);
				GCC_WARN_64_TO_32_BIT_CONVERSION = YES;
				GCC_WARN_ABOUT_RETURN_TYPE = YES_ERROR;
				GCC_WARN_UNDECLARED_SELECTOR = YES;
				GCC_WARN_UNINITIALIZED_AUTOS = YES_AGGRESSIVE;
				GCC_WARN_UNUSED_FUNCTION = YES;
				GCC_WARN_UNUSED_VARIABLE = YES;
				MACOSX_DEPLOYMENT_TARGET = 13.0;
				MTL_ENABLE_DEBUG_INFO = INCLUDE_SOURCE;
				MTL_FAST_MATH = YES;
				ONLY_ACTIVE_ARCH = YES;
				SDKROOT = macosx;
				SWIFT_ACTIVE_COMPILATION_CONDITIONS = DEBUG;
				SWIFT_OPTIMIZATION_LEVEL = "-Onone";
			};
			name = Debug;
		};
		43A2C7B62919D2BB0010C6CC /* Release */ = {
			isa = XCBuildConfiguration;
			buildSettings = {
				ALWAYS_SEARCH_USER_PATHS = NO;
				CLANG_ANALYZER_NONNULL = YES;
				CLANG_ANALYZER_NUMBER_OBJECT_CONVERSION = YES_AGGRESSIVE;
				CLANG_CXX_LANGUAGE_STANDARD = "gnu++20";
				CLANG_ENABLE_MODULES = YES;
				CLANG_ENABLE_OBJC_ARC = YES;
				CLANG_ENABLE_OBJC_WEAK = YES;
				CLANG_WARN_BLOCK_CAPTURE_AUTORELEASING = YES;
				CLANG_WARN_BOOL_CONVERSION = YES;
				CLANG_WARN_COMMA = YES;
				CLANG_WARN_CONSTANT_CONVERSION = YES;
				CLANG_WARN_DEPRECATED_OBJC_IMPLEMENTATIONS = YES;
				CLANG_WARN_DIRECT_OBJC_ISA_USAGE = YES_ERROR;
				CLANG_WARN_DOCUMENTATION_COMMENTS = YES;
				CLANG_WARN_EMPTY_BODY = YES;
				CLANG_WARN_ENUM_CONVERSION = YES;
				CLANG_WARN_INFINITE_RECURSION = YES;
				CLANG_WARN_INT_CONVERSION = YES;
				CLANG_WARN_NON_LITERAL_NULL_CONVERSION = YES;
				CLANG_WARN_OBJC_IMPLICIT_RETAIN_SELF = YES;
				CLANG_WARN_OBJC_LITERAL_CONVERSION = YES;
				CLANG_WARN_OBJC_ROOT_CLASS = YES_ERROR;
				CLANG_WARN_QUOTED_INCLUDE_IN_FRAMEWORK_HEADER = YES;
				CLANG_WARN_RANGE_LOOP_ANALYSIS = YES;
				CLANG_WARN_STRICT_PROTOTYPES = YES;
				CLANG_WARN_SUSPICIOUS_MOVE = YES;
				CLANG_WARN_UNGUARDED_AVAILABILITY = YES_AGGRESSIVE;
				CLANG_WARN_UNREACHABLE_CODE = YES;
				CLANG_WARN__DUPLICATE_METHOD_MATCH = YES;
				COPY_PHASE_STRIP = NO;
				DEBUG_INFORMATION_FORMAT = "dwarf-with-dsym";
				ENABLE_NS_ASSERTIONS = NO;
				ENABLE_STRICT_OBJC_MSGSEND = YES;
				GCC_C_LANGUAGE_STANDARD = gnu11;
				GCC_NO_COMMON_BLOCKS = YES;
				GCC_WARN_64_TO_32_BIT_CONVERSION = YES;
				GCC_WARN_ABOUT_RETURN_TYPE = YES_ERROR;
				GCC_WARN_UNDECLARED_SELECTOR = YES;
				GCC_WARN_UNINITIALIZED_AUTOS = YES_AGGRESSIVE;
				GCC_WARN_UNUSED_FUNCTION = YES;
				GCC_WARN_UNUSED_VARIABLE = YES;
				MACOSX_DEPLOYMENT_TARGET = 13.0;
				MTL_ENABLE_DEBUG_INFO = NO;
				MTL_FAST_MATH = YES;
				SDKROOT = macosx;
				SWIFT_COMPILATION_MODE = wholemodule;
				SWIFT_OPTIMIZATION_LEVEL = "-O";
			};
			name = Release;
		};
		43A2C7B82919D2BB0010C6CC /* Debug */ = {
			isa = XCBuildConfiguration;
			buildSettings = {
				ASSETCATALOG_COMPILER_APPICON_NAME = AppIcon;
				ASSETCATALOG_COMPILER_GLOBAL_ACCENT_COLOR_NAME = AccentColor;
				CODE_SIGN_ENTITLEMENTS = Checking/Checking.entitlements;
				CODE_SIGN_STYLE = Automatic;
				COMBINE_HIDPI_IMAGES = YES;
				CURRENT_PROJECT_VERSION = 1;
				DEVELOPMENT_TEAM = 64A5CLJP5W;
				ENABLE_HARDENED_RUNTIME = NO;
				GENERATE_INFOPLIST_FILE = YES;
				INFOPLIST_KEY_NSHumanReadableCopyright = "";
				INFOPLIST_KEY_NSMainStoryboardFile = Main;
				INFOPLIST_KEY_NSPrincipalClass = NSApplication;
				LD_RUNPATH_SEARCH_PATHS = (
					"$(inherited)",
					"@executable_path/../Frameworks",
				);
				MARKETING_VERSION = 1.0;
				PRODUCT_BUNDLE_IDENTIFIER = hogbaysoftware.Checking;
				PRODUCT_NAME = "$(TARGET_NAME)";
				SWIFT_EMIT_LOC_STRINGS = YES;
				SWIFT_VERSION = 5.0;
			};
			name = Debug;
		};
		43A2C7B92919D2BB0010C6CC /* Release */ = {
			isa = XCBuildConfiguration;
			buildSettings = {
				ASSETCATALOG_COMPILER_APPICON_NAME = AppIcon;
				ASSETCATALOG_COMPILER_GLOBAL_ACCENT_COLOR_NAME = AccentColor;
				CODE_SIGN_ENTITLEMENTS = Checking/Checking.entitlements;
				CODE_SIGN_STYLE = Automatic;
				COMBINE_HIDPI_IMAGES = YES;
				CURRENT_PROJECT_VERSION = 1;
				DEVELOPMENT_TEAM = 64A5CLJP5W;
				ENABLE_HARDENED_RUNTIME = NO;
				GENERATE_INFOPLIST_FILE = YES;
				INFOPLIST_KEY_NSHumanReadableCopyright = "";
				INFOPLIST_KEY_NSMainStoryboardFile = Main;
				INFOPLIST_KEY_NSPrincipalClass = NSApplication;
				LD_RUNPATH_SEARCH_PATHS = (
					"$(inherited)",
					"@executable_path/../Frameworks",
				);
				MARKETING_VERSION = 1.0;
				PRODUCT_BUNDLE_IDENTIFIER = hogbaysoftware.Checking;
				PRODUCT_NAME = "$(TARGET_NAME)";
				SWIFT_EMIT_LOC_STRINGS = YES;
				SWIFT_VERSION = 5.0;
			};
			name = Release;
		};
		43A2C7BB2919D2BB0010C6CC /* Debug */ = {
			isa = XCBuildConfiguration;
			buildSettings = {
				ALWAYS_EMBED_SWIFT_STANDARD_LIBRARIES = YES;
				BUNDLE_LOADER = "$(TEST_HOST)";
				CODE_SIGN_STYLE = Automatic;
				CURRENT_PROJECT_VERSION = 1;
				DEVELOPMENT_TEAM = 64A5CLJP5W;
				GENERATE_INFOPLIST_FILE = YES;
				MACOSX_DEPLOYMENT_TARGET = 13.0;
				MARKETING_VERSION = 1.0;
				PRODUCT_BUNDLE_IDENTIFIER = hogbaysoftware.CheckingTests;
				PRODUCT_NAME = "$(TARGET_NAME)";
				SWIFT_EMIT_LOC_STRINGS = NO;
				SWIFT_VERSION = 5.0;
				TEST_HOST = "$(BUILT_PRODUCTS_DIR)/Checking.app/$(BUNDLE_EXECUTABLE_FOLDER_PATH)/Checking";
			};
			name = Debug;
		};
		43A2C7BC2919D2BB0010C6CC /* Release */ = {
			isa = XCBuildConfiguration;
			buildSettings = {
				ALWAYS_EMBED_SWIFT_STANDARD_LIBRARIES = YES;
				BUNDLE_LOADER = "$(TEST_HOST)";
				CODE_SIGN_STYLE = Automatic;
				CURRENT_PROJECT_VERSION = 1;
				DEVELOPMENT_TEAM = 64A5CLJP5W;
				GENERATE_INFOPLIST_FILE = YES;
				MACOSX_DEPLOYMENT_TARGET = 13.0;
				MARKETING_VERSION = 1.0;
				PRODUCT_BUNDLE_IDENTIFIER = hogbaysoftware.CheckingTests;
				PRODUCT_NAME = "$(TARGET_NAME)";
				SWIFT_EMIT_LOC_STRINGS = NO;
				SWIFT_VERSION = 5.0;
				TEST_HOST = "$(BUILT_PRODUCTS_DIR)/Checking.app/$(BUNDLE_EXECUTABLE_FOLDER_PATH)/Checking";
			};
			name = Release;
		};
/* End XCBuildConfiguration section */

/* Begin XCConfigurationList section */
		43A2C78D2919D2BA0010C6CC /* Build configuration list for PBXProject "Checking" */ = {
			isa = XCConfigurationList;
			buildConfigurations = (
				43A2C7B52919D2BB0010C6CC /* Debug */,
				43A2C7B62919D2BB0010C6CC /* Release */,
			);
			defaultConfigurationIsVisible = 0;
			defaultConfigurationName = Release;
		};
		43A2C7B72919D2BB0010C6CC /* Build configuration list for PBXNativeTarget "Checking" */ = {
			isa = XCConfigurationList;
			buildConfigurations = (
				43A2C7B82919D2BB0010C6CC /* Debug */,
				43A2C7B92919D2BB0010C6CC /* Release */,
			);
			defaultConfigurationIsVisible = 0;
			defaultConfigurationName = Release;
		};
		43A2C7BA2919D2BB0010C6CC /* Build configuration list for PBXNativeTarget "CheckingTests" */ = {
			isa = XCConfigurationList;
			buildConfigurations = (
				43A2C7BB2919D2BB0010C6CC /* Debug */,
				43A2C7BC2919D2BB0010C6CC /* Release */,
			);
			defaultConfigurationIsVisible = 0;
			defaultConfigurationName = Release;
		};
/* End XCConfigurationList section */
	};
	rootObject = 43A2C78A2919D2BA0010C6CC /* Project object */;
}
